
Microsoft Visual Studio Solution File, Format Version 12.00
# Visual Studio Version 17
VisualStudioVersion = 17.9.34902.65
MinimumVisualStudioVersion = 10.0.40219.1
Project("{FAE04EC0-301F-11D3-BF4B-00C04F79EFBC}") = "Exercise01Task01", "Exercise01\Exercise01Task01.csproj", "{2FBA4501-E667-4EFD-9C97-9A20538F7E73}"
EndProject
Global
	GlobalSection(SolutionConfigurationPlatforms) = preSolution
		Debug|Any CPU = Debug|Any CPU
		Release|Any CPU = Release|Any CPU
	EndGlobalSection
	GlobalSection(ProjectConfigurationPlatforms) = postSolution
		{2FBA4501-E667-4EFD-9C97-9A20538F7E73}.Debug|Any CPU.ActiveCfg = Debug|Any CPU
		{2FBA4501-E667-4EFD-9C97-9A20538F7E73}.Debug|Any CPU.Build.0 = Debug|Any CPU
		{2FBA4501-E667-4EFD-9C97-9A20538F7E73}.Release|Any CPU.ActiveCfg = Release|Any CPU
		{2FBA4501-E667-4EFD-9C97-9A20538F7E73}.Release|Any CPU.Build.0 = Release|Any CPU
	EndGlobalSection
	GlobalSection(SolutionProperties) = preSolution
		HideSolutionNode = FALSE
	EndGlobalSection
	GlobalSection(ExtensibilityGlobals) = postSolution
		SolutionGuid = {5D766D9C-EC55-431A-B6A2-40AA3D0AAABF}
	EndGlobalSection
EndGlobal
